// !$*UTF8*$!
{
	archiveVersion = 1;
	classes = {
	};
	objectVersion = 50;
	objects = {

/* Begin PBXBuildFile section */
		C64FB63225F90DB90040197A /* ViewConstants.swift in Sources */ = {isa = PBXBuildFile; fileRef = C64FB63125F90DB90040197A /* ViewConstants.swift */; };
		C64FB63B25F90F410040197A /* SCNVector3+.swift in Sources */ = {isa = PBXBuildFile; fileRef = C64FB63A25F90F410040197A /* SCNVector3+.swift */; };
		C6A9427125F9E37D00087256 /* MapObject.swift in Sources */ = {isa = PBXBuildFile; fileRef = C6A9427025F9E37D00087256 /* MapObject.swift */; };
		C6A9427925F9E49F00087256 /* Map.swift in Sources */ = {isa = PBXBuildFile; fileRef = C6A9427825F9E49F00087256 /* Map.swift */; };
		C6A9427E25F9E5DF00087256 /* StaticMapObject.swift in Sources */ = {isa = PBXBuildFile; fileRef = C6A9427D25F9E5DF00087256 /* StaticMapObject.swift */; };
		C6A9428625F9E66700087256 /* Rock.swift in Sources */ = {isa = PBXBuildFile; fileRef = C6A9428525F9E66700087256 /* Rock.swift */; };
		C6A9428B25F9E6DD00087256 /* MapObjectConstants.swift in Sources */ = {isa = PBXBuildFile; fileRef = C6A9428A25F9E6DD00087256 /* MapObjectConstants.swift */; };
		C6A9429525F9E85E00087256 /* TestConstants.swift in Sources */ = {isa = PBXBuildFile; fileRef = C6A9429425F9E85E00087256 /* TestConstants.swift */; };
		C6A9429A25F9E90F00087256 /* MapUtil.swift in Sources */ = {isa = PBXBuildFile; fileRef = C6A9429925F9E90F00087256 /* MapUtil.swift */; };
		C6A9429F25F9E9B700087256 /* MapObjectEnum.swift in Sources */ = {isa = PBXBuildFile; fileRef = C6A9429E25F9E9B700087256 /* MapObjectEnum.swift */; };
		CB1DCFBF25FA9510007F4069 /* Health.swift in Sources */ = {isa = PBXBuildFile; fileRef = CB1DCFBE25FA9510007F4069 /* Health.swift */; };
		CB1DCFC525FA95F6007F4069 /* Enemy.swift in Sources */ = {isa = PBXBuildFile; fileRef = CB1DCFC425FA95F6007F4069 /* Enemy.swift */; };
		CBE6AEC525FA983F00C0E769 /* RenderComponent.swift in Sources */ = {isa = PBXBuildFile; fileRef = CBE6AEC425FA983F00C0E769 /* RenderComponent.swift */; };
		DDF9DE1F25F7A53500C97905 /* AppDelegate.swift in Sources */ = {isa = PBXBuildFile; fileRef = DDF9DE1E25F7A53500C97905 /* AppDelegate.swift */; };
		DDF9DE2125F7A53500C97905 /* art.scnassets in Resources */ = {isa = PBXBuildFile; fileRef = DDF9DE2025F7A53500C97905 /* art.scnassets */; };
		DDF9DE2325F7A53500C97905 /* GameViewController.swift in Sources */ = {isa = PBXBuildFile; fileRef = DDF9DE2225F7A53500C97905 /* GameViewController.swift */; };
		DDF9DE2625F7A53500C97905 /* Main.storyboard in Resources */ = {isa = PBXBuildFile; fileRef = DDF9DE2425F7A53500C97905 /* Main.storyboard */; };
		DDF9DE2825F7A53900C97905 /* Assets.xcassets in Resources */ = {isa = PBXBuildFile; fileRef = DDF9DE2725F7A53900C97905 /* Assets.xcassets */; };
		DDF9DE3325F7A53900C97905 /* ValebatTests.swift in Sources */ = {isa = PBXBuildFile; fileRef = DDF9DE3225F7A53900C97905 /* ValebatTests.swift */; };
		DDF9DE3E25F7A53900C97905 /* ValebatUITests.swift in Sources */ = {isa = PBXBuildFile; fileRef = DDF9DE3D25F7A53900C97905 /* ValebatUITests.swift */; };
/* End PBXBuildFile section */

/* Begin PBXContainerItemProxy section */
		DDF9DE2F25F7A53900C97905 /* PBXContainerItemProxy */ = {
			isa = PBXContainerItemProxy;
			containerPortal = DDF9DE1325F7A53500C97905 /* Project object */;
			proxyType = 1;
			remoteGlobalIDString = DDF9DE1A25F7A53500C97905;
			remoteInfo = Valebat;
		};
		DDF9DE3A25F7A53900C97905 /* PBXContainerItemProxy */ = {
			isa = PBXContainerItemProxy;
			containerPortal = DDF9DE1325F7A53500C97905 /* Project object */;
			proxyType = 1;
			remoteGlobalIDString = DDF9DE1A25F7A53500C97905;
			remoteInfo = Valebat;
		};
/* End PBXContainerItemProxy section */

/* Begin PBXFileReference section */
		C64FB63125F90DB90040197A /* ViewConstants.swift */ = {isa = PBXFileReference; lastKnownFileType = sourcecode.swift; path = ViewConstants.swift; sourceTree = "<group>"; };
		C64FB63A25F90F410040197A /* SCNVector3+.swift */ = {isa = PBXFileReference; lastKnownFileType = sourcecode.swift; path = "SCNVector3+.swift"; sourceTree = "<group>"; };
		C6A9427025F9E37D00087256 /* MapObject.swift */ = {isa = PBXFileReference; lastKnownFileType = sourcecode.swift; path = MapObject.swift; sourceTree = "<group>"; };
		C6A9427825F9E49F00087256 /* Map.swift */ = {isa = PBXFileReference; lastKnownFileType = sourcecode.swift; path = Map.swift; sourceTree = "<group>"; };
		C6A9427D25F9E5DF00087256 /* StaticMapObject.swift */ = {isa = PBXFileReference; lastKnownFileType = sourcecode.swift; path = StaticMapObject.swift; sourceTree = "<group>"; };
		C6A9428525F9E66700087256 /* Rock.swift */ = {isa = PBXFileReference; lastKnownFileType = sourcecode.swift; path = Rock.swift; sourceTree = "<group>"; };
		C6A9428A25F9E6DD00087256 /* MapObjectConstants.swift */ = {isa = PBXFileReference; lastKnownFileType = sourcecode.swift; path = MapObjectConstants.swift; sourceTree = "<group>"; };
		C6A9429425F9E85E00087256 /* TestConstants.swift */ = {isa = PBXFileReference; lastKnownFileType = sourcecode.swift; path = TestConstants.swift; sourceTree = "<group>"; };
		C6A9429925F9E90F00087256 /* MapUtil.swift */ = {isa = PBXFileReference; lastKnownFileType = sourcecode.swift; path = MapUtil.swift; sourceTree = "<group>"; };
		C6A9429E25F9E9B700087256 /* MapObjectEnum.swift */ = {isa = PBXFileReference; lastKnownFileType = sourcecode.swift; path = MapObjectEnum.swift; sourceTree = "<group>"; };
		CB1DCFBE25FA9510007F4069 /* Health.swift */ = {isa = PBXFileReference; lastKnownFileType = sourcecode.swift; path = Health.swift; sourceTree = "<group>"; };
		CB1DCFC425FA95F6007F4069 /* Enemy.swift */ = {isa = PBXFileReference; lastKnownFileType = sourcecode.swift; path = Enemy.swift; sourceTree = "<group>"; };
		CBE6AEC425FA983F00C0E769 /* RenderComponent.swift */ = {isa = PBXFileReference; lastKnownFileType = sourcecode.swift; path = RenderComponent.swift; sourceTree = "<group>"; };
		DDF9DE1B25F7A53500C97905 /* Valebatold.app */ = {isa = PBXFileReference; explicitFileType = wrapper.application; includeInIndex = 0; path = Valebatold.app; sourceTree = BUILT_PRODUCTS_DIR; };
		DDF9DE1E25F7A53500C97905 /* AppDelegate.swift */ = {isa = PBXFileReference; lastKnownFileType = sourcecode.swift; path = AppDelegate.swift; sourceTree = "<group>"; };
		DDF9DE2025F7A53500C97905 /* art.scnassets */ = {isa = PBXFileReference; lastKnownFileType = wrapper.scnassets; path = art.scnassets; sourceTree = "<group>"; };
		DDF9DE2225F7A53500C97905 /* GameViewController.swift */ = {isa = PBXFileReference; lastKnownFileType = sourcecode.swift; path = GameViewController.swift; sourceTree = "<group>"; };
		DDF9DE2525F7A53500C97905 /* Base */ = {isa = PBXFileReference; lastKnownFileType = file.storyboard; name = Base; path = Base.lproj/Main.storyboard; sourceTree = "<group>"; };
		DDF9DE2725F7A53900C97905 /* Assets.xcassets */ = {isa = PBXFileReference; lastKnownFileType = folder.assetcatalog; path = Assets.xcassets; sourceTree = "<group>"; };
		DDF9DE2925F7A53900C97905 /* Info.plist */ = {isa = PBXFileReference; lastKnownFileType = text.plist.xml; path = Info.plist; sourceTree = "<group>"; };
		DDF9DE2E25F7A53900C97905 /* ValebatoldTests.xctest */ = {isa = PBXFileReference; explicitFileType = wrapper.cfbundle; includeInIndex = 0; path = ValebatoldTests.xctest; sourceTree = BUILT_PRODUCTS_DIR; };
		DDF9DE3225F7A53900C97905 /* ValebatTests.swift */ = {isa = PBXFileReference; lastKnownFileType = sourcecode.swift; path = ValebatTests.swift; sourceTree = "<group>"; };
		DDF9DE3425F7A53900C97905 /* Info.plist */ = {isa = PBXFileReference; lastKnownFileType = text.plist.xml; path = Info.plist; sourceTree = "<group>"; };
		DDF9DE3925F7A53900C97905 /* ValebatoldUITests.xctest */ = {isa = PBXFileReference; explicitFileType = wrapper.cfbundle; includeInIndex = 0; path = ValebatoldUITests.xctest; sourceTree = BUILT_PRODUCTS_DIR; };
		DDF9DE3D25F7A53900C97905 /* ValebatUITests.swift */ = {isa = PBXFileReference; lastKnownFileType = sourcecode.swift; path = ValebatUITests.swift; sourceTree = "<group>"; };
		DDF9DE3F25F7A53A00C97905 /* Info.plist */ = {isa = PBXFileReference; lastKnownFileType = text.plist.xml; path = Info.plist; sourceTree = "<group>"; };
/* End PBXFileReference section */

/* Begin PBXFrameworksBuildPhase section */
		DDF9DE1825F7A53500C97905 /* Frameworks */ = {
			isa = PBXFrameworksBuildPhase;
			buildActionMask = 2147483647;
			files = (
			);
			runOnlyForDeploymentPostprocessing = 0;
		};
		DDF9DE2B25F7A53900C97905 /* Frameworks */ = {
			isa = PBXFrameworksBuildPhase;
			buildActionMask = 2147483647;
			files = (
			);
			runOnlyForDeploymentPostprocessing = 0;
		};
		DDF9DE3625F7A53900C97905 /* Frameworks */ = {
			isa = PBXFrameworksBuildPhase;
			buildActionMask = 2147483647;
			files = (
			);
			runOnlyForDeploymentPostprocessing = 0;
		};
/* End PBXFrameworksBuildPhase section */

/* Begin PBXGroup section */
		C64FB63925F90F260040197A /* Util */ = {
			isa = PBXGroup;
			children = (
				C64FB63A25F90F410040197A /* SCNVector3+.swift */,
			);
			path = Util;
			sourceTree = "<group>";
		};
		C6A9426E25F9E34300087256 /* Map */ = {
			isa = PBXGroup;
			children = (
				C6A9428F25F9E6E600087256 /* Util */,
				C6A9426F25F9E36800087256 /* MapObject */,
				C6A9427825F9E49F00087256 /* Map.swift */,
			);
			path = Map;
			sourceTree = "<group>";
		};
		C6A9426F25F9E36800087256 /* MapObject */ = {
			isa = PBXGroup;
			children = (
				C6A9427025F9E37D00087256 /* MapObject.swift */,
				C6A9427D25F9E5DF00087256 /* StaticMapObject.swift */,
				C6A9428525F9E66700087256 /* Rock.swift */,
			);
			path = MapObject;
			sourceTree = "<group>";
		};
		C6A9428F25F9E6E600087256 /* Util */ = {
			isa = PBXGroup;
			children = (
				C6A9428A25F9E6DD00087256 /* MapObjectConstants.swift */,
				C6A9429E25F9E9B700087256 /* MapObjectEnum.swift */,
				C6A9429925F9E90F00087256 /* MapUtil.swift */,
			);
			path = Util;
			sourceTree = "<group>";
		};
		C6A9429325F9E85200087256 /* TestUtil */ = {
			isa = PBXGroup;
			children = (
				C6A9429425F9E85E00087256 /* TestConstants.swift */,
			);
			path = TestUtil;
			sourceTree = "<group>";
		};
		CB1DCFBD25FA93EA007F4069 /* Components */ = {
			isa = PBXGroup;
			children = (
				CBE6AEC425FA983F00C0E769 /* RenderComponent.swift */,
				CB1DCFBE25FA9510007F4069 /* Health.swift */,
			);
			path = Components;
			sourceTree = "<group>";
		};
		CB1DCFC325FA95DF007F4069 /* Entities */ = {
			isa = PBXGroup;
			children = (
				CB1DCFC425FA95F6007F4069 /* Enemy.swift */,
			);
			path = Entities;
			sourceTree = "<group>";
		};
		DDF9DE1225F7A53500C97905 = {
			isa = PBXGroup;
			children = (
				DDF9DE1D25F7A53500C97905 /* Valebat */,
				DDF9DE3125F7A53900C97905 /* ValebatTests */,
				DDF9DE3C25F7A53900C97905 /* ValebatUITests */,
				DDF9DE1C25F7A53500C97905 /* Products */,
			);
			sourceTree = "<group>";
		};
		DDF9DE1C25F7A53500C97905 /* Products */ = {
			isa = PBXGroup;
			children = (
				DDF9DE1B25F7A53500C97905 /* Valebatold.app */,
				DDF9DE2E25F7A53900C97905 /* ValebatoldTests.xctest */,
				DDF9DE3925F7A53900C97905 /* ValebatoldUITests.xctest */,
			);
			name = Products;
			sourceTree = "<group>";
		};
		DDF9DE1D25F7A53500C97905 /* Valebat */ = {
			isa = PBXGroup;
			children = (
				CB1DCFC325FA95DF007F4069 /* Entities */,
				CB1DCFBD25FA93EA007F4069 /* Components */,
				C6A9426E25F9E34300087256 /* Map */,
				C6A9429325F9E85200087256 /* TestUtil */,
				DDF9DE1E25F7A53500C97905 /* AppDelegate.swift */,
				DDF9DE2425F7A53500C97905 /* Main.storyboard */,
				DDF9DE2225F7A53500C97905 /* GameViewController.swift */,
				C64FB63125F90DB90040197A /* ViewConstants.swift */,
				C64FB63925F90F260040197A /* Util */,
				DDF9DE2725F7A53900C97905 /* Assets.xcassets */,
				DDF9DE2025F7A53500C97905 /* art.scnassets */,
				DDF9DE2925F7A53900C97905 /* Info.plist */,
			);
			path = Valebat;
			sourceTree = "<group>";
		};
		DDF9DE3125F7A53900C97905 /* ValebatTests */ = {
			isa = PBXGroup;
			children = (
				DDF9DE3225F7A53900C97905 /* ValebatTests.swift */,
				DDF9DE3425F7A53900C97905 /* Info.plist */,
			);
			path = ValebatTests;
			sourceTree = "<group>";
		};
		DDF9DE3C25F7A53900C97905 /* ValebatUITests */ = {
			isa = PBXGroup;
			children = (
				DDF9DE3D25F7A53900C97905 /* ValebatUITests.swift */,
				DDF9DE3F25F7A53A00C97905 /* Info.plist */,
			);
			path = ValebatUITests;
			sourceTree = "<group>";
		};
/* End PBXGroup section */

/* Begin PBXNativeTarget section */
		DDF9DE1A25F7A53500C97905 /* Valebatold */ = {
			isa = PBXNativeTarget;
			buildConfigurationList = DDF9DE4225F7A53A00C97905 /* Build configuration list for PBXNativeTarget "Valebatold" */;
			buildPhases = (
				DDF9DE1725F7A53500C97905 /* Sources */,
				DDF9DE1825F7A53500C97905 /* Frameworks */,
				DDF9DE1925F7A53500C97905 /* Resources */,
			);
			buildRules = (
			);
			dependencies = (
			);
			name = Valebatold;
			productName = Valebat;
			productReference = DDF9DE1B25F7A53500C97905 /* Valebatold.app */;
			productType = "com.apple.product-type.application";
		};
		DDF9DE2D25F7A53900C97905 /* ValebatoldTests */ = {
			isa = PBXNativeTarget;
			buildConfigurationList = DDF9DE4525F7A53A00C97905 /* Build configuration list for PBXNativeTarget "ValebatoldTests" */;
			buildPhases = (
				DDF9DE2A25F7A53900C97905 /* Sources */,
				DDF9DE2B25F7A53900C97905 /* Frameworks */,
				DDF9DE2C25F7A53900C97905 /* Resources */,
			);
			buildRules = (
			);
			dependencies = (
				DDF9DE3025F7A53900C97905 /* PBXTargetDependency */,
			);
			name = ValebatoldTests;
			productName = ValebatTests;
			productReference = DDF9DE2E25F7A53900C97905 /* ValebatoldTests.xctest */;
			productType = "com.apple.product-type.bundle.unit-test";
		};
		DDF9DE3825F7A53900C97905 /* ValebatoldUITests */ = {
			isa = PBXNativeTarget;
			buildConfigurationList = DDF9DE4825F7A53A00C97905 /* Build configuration list for PBXNativeTarget "ValebatoldUITests" */;
			buildPhases = (
				DDF9DE3525F7A53900C97905 /* Sources */,
				DDF9DE3625F7A53900C97905 /* Frameworks */,
				DDF9DE3725F7A53900C97905 /* Resources */,
			);
			buildRules = (
			);
			dependencies = (
				DDF9DE3B25F7A53900C97905 /* PBXTargetDependency */,
			);
			name = ValebatoldUITests;
			productName = ValebatUITests;
			productReference = DDF9DE3925F7A53900C97905 /* ValebatoldUITests.xctest */;
			productType = "com.apple.product-type.bundle.ui-testing";
		};
/* End PBXNativeTarget section */

/* Begin PBXProject section */
		DDF9DE1325F7A53500C97905 /* Project object */ = {
			isa = PBXProject;
			attributes = {
				LastSwiftUpdateCheck = 1230;
				LastUpgradeCheck = 1230;
				TargetAttributes = {
					DDF9DE1A25F7A53500C97905 = {
						CreatedOnToolsVersion = 12.3;
					};
					DDF9DE2D25F7A53900C97905 = {
						CreatedOnToolsVersion = 12.3;
						TestTargetID = DDF9DE1A25F7A53500C97905;
					};
					DDF9DE3825F7A53900C97905 = {
						CreatedOnToolsVersion = 12.3;
						TestTargetID = DDF9DE1A25F7A53500C97905;
					};
				};
			};
			buildConfigurationList = DDF9DE1625F7A53500C97905 /* Build configuration list for PBXProject "Valebatold" */;
			compatibilityVersion = "Xcode 9.3";
			developmentRegion = en;
			hasScannedForEncodings = 0;
			knownRegions = (
				en,
				Base,
			);
			mainGroup = DDF9DE1225F7A53500C97905;
			productRefGroup = DDF9DE1C25F7A53500C97905 /* Products */;
			projectDirPath = "";
			projectRoot = "";
			targets = (
				DDF9DE1A25F7A53500C97905 /* Valebatold */,
				DDF9DE2D25F7A53900C97905 /* ValebatoldTests */,
				DDF9DE3825F7A53900C97905 /* ValebatoldUITests */,
			);
		};
/* End PBXProject section */

/* Begin PBXResourcesBuildPhase section */
		DDF9DE1925F7A53500C97905 /* Resources */ = {
			isa = PBXResourcesBuildPhase;
			buildActionMask = 2147483647;
			files = (
				DDF9DE2125F7A53500C97905 /* art.scnassets in Resources */,
				DDF9DE2825F7A53900C97905 /* Assets.xcassets in Resources */,
				DDF9DE2625F7A53500C97905 /* Main.storyboard in Resources */,
			);
			runOnlyForDeploymentPostprocessing = 0;
		};
		DDF9DE2C25F7A53900C97905 /* Resources */ = {
			isa = PBXResourcesBuildPhase;
			buildActionMask = 2147483647;
			files = (
			);
			runOnlyForDeploymentPostprocessing = 0;
		};
		DDF9DE3725F7A53900C97905 /* Resources */ = {
			isa = PBXResourcesBuildPhase;
			buildActionMask = 2147483647;
			files = (
			);
			runOnlyForDeploymentPostprocessing = 0;
		};
/* End PBXResourcesBuildPhase section */

/* Begin PBXSourcesBuildPhase section */
		DDF9DE1725F7A53500C97905 /* Sources */ = {
			isa = PBXSourcesBuildPhase;
			buildActionMask = 2147483647;
			files = (
				CB1DCFC525FA95F6007F4069 /* Enemy.swift in Sources */,
				C64FB63225F90DB90040197A /* ViewConstants.swift in Sources */,
				C6A9427125F9E37D00087256 /* MapObject.swift in Sources */,
				C64FB63B25F90F410040197A /* SCNVector3+.swift in Sources */,
				DDF9DE2325F7A53500C97905 /* GameViewController.swift in Sources */,
				C6A9428625F9E66700087256 /* Rock.swift in Sources */,
				C6A9427925F9E49F00087256 /* Map.swift in Sources */,
				DDF9DE1F25F7A53500C97905 /* AppDelegate.swift in Sources */,
				CB1DCFBF25FA9510007F4069 /* Health.swift in Sources */,
				C6A9429525F9E85E00087256 /* TestConstants.swift in Sources */,
				C6A9429F25F9E9B700087256 /* MapObjectEnum.swift in Sources */,
				CBE6AEC525FA983F00C0E769 /* RenderComponent.swift in Sources */,
				C6A9427E25F9E5DF00087256 /* StaticMapObject.swift in Sources */,
				C6A9428B25F9E6DD00087256 /* MapObjectConstants.swift in Sources */,
				C6A9429A25F9E90F00087256 /* MapUtil.swift in Sources */,
			);
			runOnlyForDeploymentPostprocessing = 0;
		};
		DDF9DE2A25F7A53900C97905 /* Sources */ = {
			isa = PBXSourcesBuildPhase;
			buildActionMask = 2147483647;
			files = (
				DDF9DE3325F7A53900C97905 /* ValebatTests.swift in Sources */,
			);
			runOnlyForDeploymentPostprocessing = 0;
		};
		DDF9DE3525F7A53900C97905 /* Sources */ = {
			isa = PBXSourcesBuildPhase;
			buildActionMask = 2147483647;
			files = (
				DDF9DE3E25F7A53900C97905 /* ValebatUITests.swift in Sources */,
			);
			runOnlyForDeploymentPostprocessing = 0;
		};
/* End PBXSourcesBuildPhase section */

/* Begin PBXTargetDependency section */
		DDF9DE3025F7A53900C97905 /* PBXTargetDependency */ = {
			isa = PBXTargetDependency;
			target = DDF9DE1A25F7A53500C97905 /* Valebatold */;
			targetProxy = DDF9DE2F25F7A53900C97905 /* PBXContainerItemProxy */;
		};
		DDF9DE3B25F7A53900C97905 /* PBXTargetDependency */ = {
			isa = PBXTargetDependency;
			target = DDF9DE1A25F7A53500C97905 /* Valebatold */;
			targetProxy = DDF9DE3A25F7A53900C97905 /* PBXContainerItemProxy */;
		};
/* End PBXTargetDependency section */

/* Begin PBXVariantGroup section */
		DDF9DE2425F7A53500C97905 /* Main.storyboard */ = {
			isa = PBXVariantGroup;
			children = (
				DDF9DE2525F7A53500C97905 /* Base */,
			);
			name = Main.storyboard;
			sourceTree = "<group>";
		};
/* End PBXVariantGroup section */

/* Begin XCBuildConfiguration section */
		DDF9DE4025F7A53A00C97905 /* Debug */ = {
			isa = XCBuildConfiguration;
			buildSettings = {
				ALWAYS_SEARCH_USER_PATHS = NO;
				CLANG_ANALYZER_NONNULL = YES;
				CLANG_ANALYZER_NUMBER_OBJECT_CONVERSION = YES_AGGRESSIVE;
				CLANG_CXX_LANGUAGE_STANDARD = "gnu++14";
				CLANG_CXX_LIBRARY = "libc++";
				CLANG_ENABLE_MODULES = YES;
				CLANG_ENABLE_OBJC_ARC = YES;
				CLANG_ENABLE_OBJC_WEAK = YES;
				CLANG_WARN_BLOCK_CAPTURE_AUTORELEASING = YES;
				CLANG_WARN_BOOL_CONVERSION = YES;
				CLANG_WARN_COMMA = YES;
				CLANG_WARN_CONSTANT_CONVERSION = YES;
				CLANG_WARN_DEPRECATED_OBJC_IMPLEMENTATIONS = YES;
				CLANG_WARN_DIRECT_OBJC_ISA_USAGE = YES_ERROR;
				CLANG_WARN_DOCUMENTATION_COMMENTS = YES;
				CLANG_WARN_EMPTY_BODY = YES;
				CLANG_WARN_ENUM_CONVERSION = YES;
				CLANG_WARN_INFINITE_RECURSION = YES;
				CLANG_WARN_INT_CONVERSION = YES;
				CLANG_WARN_NON_LITERAL_NULL_CONVERSION = YES;
				CLANG_WARN_OBJC_IMPLICIT_RETAIN_SELF = YES;
				CLANG_WARN_OBJC_LITERAL_CONVERSION = YES;
				CLANG_WARN_OBJC_ROOT_CLASS = YES_ERROR;
				CLANG_WARN_QUOTED_INCLUDE_IN_FRAMEWORK_HEADER = YES;
				CLANG_WARN_RANGE_LOOP_ANALYSIS = YES;
				CLANG_WARN_STRICT_PROTOTYPES = YES;
				CLANG_WARN_SUSPICIOUS_MOVE = YES;
				CLANG_WARN_UNGUARDED_AVAILABILITY = YES_AGGRESSIVE;
				CLANG_WARN_UNREACHABLE_CODE = YES;
				CLANG_WARN__DUPLICATE_METHOD_MATCH = YES;
				COPY_PHASE_STRIP = NO;
				DEBUG_INFORMATION_FORMAT = dwarf;
				ENABLE_STRICT_OBJC_MSGSEND = YES;
				ENABLE_TESTABILITY = YES;
				GCC_C_LANGUAGE_STANDARD = gnu11;
				GCC_DYNAMIC_NO_PIC = NO;
				GCC_NO_COMMON_BLOCKS = YES;
				GCC_OPTIMIZATION_LEVEL = 0;
				GCC_PREPROCESSOR_DEFINITIONS = (
					"DEBUG=1",
					"$(inherited)",
				);
				GCC_WARN_64_TO_32_BIT_CONVERSION = YES;
				GCC_WARN_ABOUT_RETURN_TYPE = YES_ERROR;
				GCC_WARN_UNDECLARED_SELECTOR = YES;
				GCC_WARN_UNINITIALIZED_AUTOS = YES_AGGRESSIVE;
				GCC_WARN_UNUSED_FUNCTION = YES;
				GCC_WARN_UNUSED_VARIABLE = YES;
				IPHONEOS_DEPLOYMENT_TARGET = 14.3;
				MTL_ENABLE_DEBUG_INFO = INCLUDE_SOURCE;
				MTL_FAST_MATH = YES;
				ONLY_ACTIVE_ARCH = YES;
				SDKROOT = iphoneos;
				SWIFT_ACTIVE_COMPILATION_CONDITIONS = DEBUG;
				SWIFT_OPTIMIZATION_LEVEL = "-Onone";
			};
			name = Debug;
		};
		DDF9DE4125F7A53A00C97905 /* Release */ = {
			isa = XCBuildConfiguration;
			buildSettings = {
				ALWAYS_SEARCH_USER_PATHS = NO;
				CLANG_ANALYZER_NONNULL = YES;
				CLANG_ANALYZER_NUMBER_OBJECT_CONVERSION = YES_AGGRESSIVE;
				CLANG_CXX_LANGUAGE_STANDARD = "gnu++14";
				CLANG_CXX_LIBRARY = "libc++";
				CLANG_ENABLE_MODULES = YES;
				CLANG_ENABLE_OBJC_ARC = YES;
				CLANG_ENABLE_OBJC_WEAK = YES;
				CLANG_WARN_BLOCK_CAPTURE_AUTORELEASING = YES;
				CLANG_WARN_BOOL_CONVERSION = YES;
				CLANG_WARN_COMMA = YES;
				CLANG_WARN_CONSTANT_CONVERSION = YES;
				CLANG_WARN_DEPRECATED_OBJC_IMPLEMENTATIONS = YES;
				CLANG_WARN_DIRECT_OBJC_ISA_USAGE = YES_ERROR;
				CLANG_WARN_DOCUMENTATION_COMMENTS = YES;
				CLANG_WARN_EMPTY_BODY = YES;
				CLANG_WARN_ENUM_CONVERSION = YES;
				CLANG_WARN_INFINITE_RECURSION = YES;
				CLANG_WARN_INT_CONVERSION = YES;
				CLANG_WARN_NON_LITERAL_NULL_CONVERSION = YES;
				CLANG_WARN_OBJC_IMPLICIT_RETAIN_SELF = YES;
				CLANG_WARN_OBJC_LITERAL_CONVERSION = YES;
				CLANG_WARN_OBJC_ROOT_CLASS = YES_ERROR;
				CLANG_WARN_QUOTED_INCLUDE_IN_FRAMEWORK_HEADER = YES;
				CLANG_WARN_RANGE_LOOP_ANALYSIS = YES;
				CLANG_WARN_STRICT_PROTOTYPES = YES;
				CLANG_WARN_SUSPICIOUS_MOVE = YES;
				CLANG_WARN_UNGUARDED_AVAILABILITY = YES_AGGRESSIVE;
				CLANG_WARN_UNREACHABLE_CODE = YES;
				CLANG_WARN__DUPLICATE_METHOD_MATCH = YES;
				COPY_PHASE_STRIP = NO;
				DEBUG_INFORMATION_FORMAT = "dwarf-with-dsym";
				ENABLE_NS_ASSERTIONS = NO;
				ENABLE_STRICT_OBJC_MSGSEND = YES;
				GCC_C_LANGUAGE_STANDARD = gnu11;
				GCC_NO_COMMON_BLOCKS = YES;
				GCC_WARN_64_TO_32_BIT_CONVERSION = YES;
				GCC_WARN_ABOUT_RETURN_TYPE = YES_ERROR;
				GCC_WARN_UNDECLARED_SELECTOR = YES;
				GCC_WARN_UNINITIALIZED_AUTOS = YES_AGGRESSIVE;
				GCC_WARN_UNUSED_FUNCTION = YES;
				GCC_WARN_UNUSED_VARIABLE = YES;
				IPHONEOS_DEPLOYMENT_TARGET = 14.3;
				MTL_ENABLE_DEBUG_INFO = NO;
				MTL_FAST_MATH = YES;
				SDKROOT = iphoneos;
				SWIFT_COMPILATION_MODE = wholemodule;
				SWIFT_OPTIMIZATION_LEVEL = "-O";
				VALIDATE_PRODUCT = YES;
			};
			name = Release;
		};
		DDF9DE4325F7A53A00C97905 /* Debug */ = {
			isa = XCBuildConfiguration;
			buildSettings = {
				ASSETCATALOG_COMPILER_APPICON_NAME = AppIcon;
				ASSETCATALOG_COMPILER_GLOBAL_ACCENT_COLOR_NAME = AccentColor;
				CODE_SIGN_STYLE = Automatic;
				DEVELOPMENT_TEAM = 2DY9Z592D2;
				INFOPLIST_FILE = Valebat/Info.plist;
				LD_RUNPATH_SEARCH_PATHS = (
					"$(inherited)",
					"@executable_path/Frameworks",
				);
				PRODUCT_BUNDLE_IDENTIFIER = CS3217.Valebatold;
				PRODUCT_NAME = "$(TARGET_NAME)";
				SWIFT_VERSION = 5.0;
				TARGETED_DEVICE_FAMILY = "1,2";
			};
			name = Debug;
		};
		DDF9DE4425F7A53A00C97905 /* Release */ = {
			isa = XCBuildConfiguration;
			buildSettings = {
				ASSETCATALOG_COMPILER_APPICON_NAME = AppIcon;
				ASSETCATALOG_COMPILER_GLOBAL_ACCENT_COLOR_NAME = AccentColor;
				CODE_SIGN_STYLE = Automatic;
				DEVELOPMENT_TEAM = 2DY9Z592D2;
				INFOPLIST_FILE = Valebat/Info.plist;
				LD_RUNPATH_SEARCH_PATHS = (
					"$(inherited)",
					"@executable_path/Frameworks",
				);
				PRODUCT_BUNDLE_IDENTIFIER = CS3217.Valebatold;
				PRODUCT_NAME = "$(TARGET_NAME)";
				SWIFT_VERSION = 5.0;
				TARGETED_DEVICE_FAMILY = "1,2";
			};
			name = Release;
		};
		DDF9DE4625F7A53A00C97905 /* Debug */ = {
			isa = XCBuildConfiguration;
			buildSettings = {
				ALWAYS_EMBED_SWIFT_STANDARD_LIBRARIES = YES;
				BUNDLE_LOADER = "$(TEST_HOST)";
				CODE_SIGN_STYLE = Automatic;
				DEVELOPMENT_TEAM = 2DY9Z592D2;
				INFOPLIST_FILE = ValebatTests/Info.plist;
				IPHONEOS_DEPLOYMENT_TARGET = 14.3;
				LD_RUNPATH_SEARCH_PATHS = (
					"$(inherited)",
					"@executable_path/Frameworks",
					"@loader_path/Frameworks",
				);
				PRODUCT_BUNDLE_IDENTIFIER = CS3217.ValebatTests;
				PRODUCT_NAME = "$(TARGET_NAME)";
				SWIFT_VERSION = 5.0;
				TARGETED_DEVICE_FAMILY = "1,2";
				TEST_HOST = "$(BUILT_PRODUCTS_DIR)/Valebatold.app/Valebatold";
			};
			name = Debug;
		};
		DDF9DE4725F7A53A00C97905 /* Release */ = {
			isa = XCBuildConfiguration;
			buildSettings = {
				ALWAYS_EMBED_SWIFT_STANDARD_LIBRARIES = YES;
				BUNDLE_LOADER = "$(TEST_HOST)";
				CODE_SIGN_STYLE = Automatic;
				DEVELOPMENT_TEAM = 2DY9Z592D2;
				INFOPLIST_FILE = ValebatTests/Info.plist;
				IPHONEOS_DEPLOYMENT_TARGET = 14.3;
				LD_RUNPATH_SEARCH_PATHS = (
					"$(inherited)",
					"@executable_path/Frameworks",
					"@loader_path/Frameworks",
				);
				PRODUCT_BUNDLE_IDENTIFIER = CS3217.ValebatTests;
				PRODUCT_NAME = "$(TARGET_NAME)";
				SWIFT_VERSION = 5.0;
				TARGETED_DEVICE_FAMILY = "1,2";
				TEST_HOST = "$(BUILT_PRODUCTS_DIR)/Valebatold.app/Valebatold";
			};
			name = Release;
		};
		DDF9DE4925F7A53A00C97905 /* Debug */ = {
			isa = XCBuildConfiguration;
			buildSettings = {
				ALWAYS_EMBED_SWIFT_STANDARD_LIBRARIES = YES;
				CODE_SIGN_STYLE = Automatic;
				DEVELOPMENT_TEAM = 2DY9Z592D2;
				INFOPLIST_FILE = ValebatUITests/Info.plist;
				LD_RUNPATH_SEARCH_PATHS = (
					"$(inherited)",
					"@executable_path/Frameworks",
					"@loader_path/Frameworks",
				);
				PRODUCT_BUNDLE_IDENTIFIER = CS3217.ValebatUITests;
				PRODUCT_NAME = "$(TARGET_NAME)";
				SWIFT_VERSION = 5.0;
				TARGETED_DEVICE_FAMILY = "1,2";
				TEST_TARGET_NAME = Valebat;
			};
			name = Debug;
		};
		DDF9DE4A25F7A53A00C97905 /* Release */ = {
			isa = XCBuildConfiguration;
			buildSettings = {
				ALWAYS_EMBED_SWIFT_STANDARD_LIBRARIES = YES;
				CODE_SIGN_STYLE = Automatic;
				DEVELOPMENT_TEAM = 2DY9Z592D2;
				INFOPLIST_FILE = ValebatUITests/Info.plist;
				LD_RUNPATH_SEARCH_PATHS = (
					"$(inherited)",
					"@executable_path/Frameworks",
					"@loader_path/Frameworks",
				);
				PRODUCT_BUNDLE_IDENTIFIER = CS3217.ValebatUITests;
				PRODUCT_NAME = "$(TARGET_NAME)";
				SWIFT_VERSION = 5.0;
				TARGETED_DEVICE_FAMILY = "1,2";
				TEST_TARGET_NAME = Valebat;
			};
			name = Release;
		};
/* End XCBuildConfiguration section */

/* Begin XCConfigurationList section */
		DDF9DE1625F7A53500C97905 /* Build configuration list for PBXProject "Valebatold" */ = {
			isa = XCConfigurationList;
			buildConfigurations = (
				DDF9DE4025F7A53A00C97905 /* Debug */,
				DDF9DE4125F7A53A00C97905 /* Release */,
			);
			defaultConfigurationIsVisible = 0;
			defaultConfigurationName = Release;
		};
		DDF9DE4225F7A53A00C97905 /* Build configuration list for PBXNativeTarget "Valebatold" */ = {
			isa = XCConfigurationList;
			buildConfigurations = (
				DDF9DE4325F7A53A00C97905 /* Debug */,
				DDF9DE4425F7A53A00C97905 /* Release */,
			);
			defaultConfigurationIsVisible = 0;
			defaultConfigurationName = Release;
		};
		DDF9DE4525F7A53A00C97905 /* Build configuration list for PBXNativeTarget "ValebatoldTests" */ = {
			isa = XCConfigurationList;
			buildConfigurations = (
				DDF9DE4625F7A53A00C97905 /* Debug */,
				DDF9DE4725F7A53A00C97905 /* Release */,
			);
			defaultConfigurationIsVisible = 0;
			defaultConfigurationName = Release;
		};
		DDF9DE4825F7A53A00C97905 /* Build configuration list for PBXNativeTarget "ValebatoldUITests" */ = {
			isa = XCConfigurationList;
			buildConfigurations = (
				DDF9DE4925F7A53A00C97905 /* Debug */,
				DDF9DE4A25F7A53A00C97905 /* Release */,
			);
			defaultConfigurationIsVisible = 0;
			defaultConfigurationName = Release;
		};
/* End XCConfigurationList section */
	};
	rootObject = DDF9DE1325F7A53500C97905 /* Project object */;
}
